
Microsoft Visual Studio Solution File, Format Version 12.00
# Visual Studio 15
VisualStudioVersion = 15.0.28307.902
MinimumVisualStudioVersion = 10.0.40219.1
Project("{8BC9CEB8-8B4A-11D0-8D11-00A0C91BC942}") = "Palindrome-checker", "Palindrome-checker\Palindrome-checker.vcxproj", "{429402AC-C754-465A-B240-D26B930F3C29}"
EndProject
Global
	GlobalSection(SolutionConfigurationPlatforms) = preSolution
		Debug|x64 = Debug|x64
		Debug|x86 = Debug|x86
		Release|x64 = Release|x64
		Release|x86 = Release|x86
	EndGlobalSection
	GlobalSection(ProjectConfigurationPlatforms) = postSolution
		{429402AC-C754-465A-B240-D26B930F3C29}.Debug|x64.ActiveCfg = Debug|x64
		{429402AC-C754-465A-B240-D26B930F3C29}.Debug|x64.Build.0 = Debug|x64
		{429402AC-C754-465A-B240-D26B930F3C29}.Debug|x86.ActiveCfg = Debug|Win32
		{429402AC-C754-465A-B240-D26B930F3C29}.Debug|x86.Build.0 = Debug|Win32
		{429402AC-C754-465A-B240-D26B930F3C29}.Release|x64.ActiveCfg = Release|x64
		{429402AC-C754-465A-B240-D26B930F3C29}.Release|x64.Build.0 = Release|x64
		{429402AC-C754-465A-B240-D26B930F3C29}.Release|x86.ActiveCfg = Release|Win32
		{429402AC-C754-465A-B240-D26B930F3C29}.Release|x86.Build.0 = Release|Win32
	EndGlobalSection
	GlobalSection(SolutionProperties) = preSolution
		HideSolutionNode = FALSE
	EndGlobalSection
	GlobalSection(ExtensibilityGlobals) = postSolution
		SolutionGuid = {096B96C2-A0F7-40EB-B8FB-D5BE14DEFC9C}
	EndGlobalSection
EndGlobal
